
Microsoft Visual Studio Solution File, Format Version 12.00
# Visual Studio Version 16
VisualStudioVersion = 16.0.29324.140
MinimumVisualStudioVersion = 10.0.40219.1
Project("{FAE04EC0-301F-11D3-BF4B-00C04F79EFBC}") = "Iteration Constructs", "Iteration Constructs\Iteration Constructs.csproj", "{F91ABA06-00C6-43EE-8B16-AA7CC41D292C}"
EndProject
Project("{FAE04EC0-301F-11D3-BF4B-00C04F79EFBC}") = "Problem 3", "Problem 3\Problem 3.csproj", "{65A69FA3-B100-4AED-878B-B7F742F6469B}"
EndProject
Global
	GlobalSection(SolutionConfigurationPlatforms) = preSolution
		Debug|Any CPU = Debug|Any CPU
		Release|Any CPU = Release|Any CPU
	EndGlobalSection
	GlobalSection(ProjectConfigurationPlatforms) = postSolution
		{F91ABA06-00C6-43EE-8B16-AA7CC41D292C}.Debug|Any CPU.ActiveCfg = Debug|Any CPU
		{F91ABA06-00C6-43EE-8B16-AA7CC41D292C}.Debug|Any CPU.Build.0 = Debug|Any CPU
		{F91ABA06-00C6-43EE-8B16-AA7CC41D292C}.Release|Any CPU.ActiveCfg = Release|Any CPU
		{F91ABA06-00C6-43EE-8B16-AA7CC41D292C}.Release|Any CPU.Build.0 = Release|Any CPU
		{65A69FA3-B100-4AED-878B-B7F742F6469B}.Debug|Any CPU.ActiveCfg = Debug|Any CPU
		{65A69FA3-B100-4AED-878B-B7F742F6469B}.Debug|Any CPU.Build.0 = Debug|Any CPU
		{65A69FA3-B100-4AED-878B-B7F742F6469B}.Release|Any CPU.ActiveCfg = Release|Any CPU
		{65A69FA3-B100-4AED-878B-B7F742F6469B}.Release|Any CPU.Build.0 = Release|Any CPU
	EndGlobalSection
	GlobalSection(SolutionProperties) = preSolution
		HideSolutionNode = FALSE
	EndGlobalSection
	GlobalSection(ExtensibilityGlobals) = postSolution
		SolutionGuid = {1216E67C-9E2F-457E-9EAD-99BCA237567B}
	EndGlobalSection
EndGlobal
